PODS:
  - Firebase/AdMob (4.8.2):
    - Firebase/Core
    - Google-Mobile-Ads-SDK (= 7.27.0)
  - Firebase/Analytics (4.8.2):
    - Firebase/Core
  - Firebase/Auth (4.8.2):
    - Firebase/Core
    - FirebaseAuth (= 4.4.2)
  - Firebase/Core (4.8.2):
    - FirebaseAnalytics (= 4.0.9)
    - FirebaseCore (= 4.0.14)
  - Firebase/Crash (4.8.2):
    - Firebase/Core
    - FirebaseCrash (= 2.0.2)
  - Firebase/Database (4.8.2):
    - Firebase/Core
    - FirebaseDatabase (= 4.1.4)
  - Firebase/DynamicLinks (4.8.2):
    - Firebase/Core
    - FirebaseDynamicLinks (= 2.3.2)
  - Firebase/Messaging (4.8.2):
    - Firebase/Core
    - FirebaseMessaging (= 2.0.8)
  - Firebase/RemoteConfig (4.8.2):
    - Firebase/Core
    - FirebaseRemoteConfig (= 2.1.1)
  - Firebase/Storage (4.8.2):
    - Firebase/Core
    - FirebaseStorage (= 2.1.2)
  - FirebaseABTesting (1.0.0):
    - FirebaseCore (~> 4.0)
    - Protobuf (~> 3.1)
  - FirebaseAnalytics (4.0.9):
    - FirebaseCore (~> 4.0)
    - FirebaseInstanceID (~> 2.0)
    - "GoogleToolboxForMac/NSData+zlib (~> 2.1)"
    - nanopb (~> 0.3)
  - FirebaseAuth (4.4.2):
    - FirebaseAnalytics (~> 4.0)
    - "GoogleToolboxForMac/NSDictionary+URLArguments (~> 2.1)"
    - GTMSessionFetcher/Core (~> 1.1)
  - FirebaseCore (4.0.14):
    - "GoogleToolboxForMac/NSData+zlib (~> 2.1)"
  - FirebaseCrash (2.0.2):
    - FirebaseAnalytics (~> 4.0)
    - FirebaseInstanceID (~> 2.0)
    - GoogleToolboxForMac/Logger (~> 2.1)
    - "GoogleToolboxForMac/NSData+zlib (~> 2.1)"
    - Protobuf (~> 3.1)
  - FirebaseDatabase (4.1.4):
    - FirebaseAnalytics (~> 4.0)
    - FirebaseCore (~> 4.0)
    - leveldb-library (~> 1.18)
  - FirebaseDynamicLinks (2.3.2):
    - FirebaseAnalytics (~> 4.0)
  - FirebaseInstanceID (2.0.10):
    - FirebaseCore (~> 4.0)
  - FirebaseMessaging (2.0.8):
    - FirebaseAnalytics (~> 4.0)
    - FirebaseCore (~> 4.0)
    - FirebaseInstanceID (~> 2.0)
    - GoogleToolboxForMac/Logger (~> 2.1)
    - Protobuf (~> 3.1)
  - FirebaseRemoteConfig (2.1.1):
    - FirebaseABTesting (~> 1.0)
    - FirebaseAnalytics (~> 4.0)
    - FirebaseCore (~> 4.0)
    - FirebaseInstanceID (~> 2.0)
    - "GoogleToolboxForMac/NSData+zlib (~> 2.1)"
    - Protobuf (~> 3.1)
  - FirebaseStorage (2.1.2):
    - FirebaseAnalytics (~> 4.0)
    - FirebaseCore (~> 4.0)
    - GTMSessionFetcher/Core (~> 1.1)
  - Google-Mobile-Ads-SDK (7.27.0)
  - GoogleToolboxForMac/DebugUtils (2.1.4):
    - GoogleToolboxForMac/Defines (= 2.1.4)
  - GoogleToolboxForMac/Defines (2.1.4)
  - GoogleToolboxForMac/Logger (2.1.4):
    - GoogleToolboxForMac/Defines (= 2.1.4)
  - "GoogleToolboxForMac/NSData+zlib (2.1.4)":
    - GoogleToolboxForMac/Defines (= 2.1.4)
  - "GoogleToolboxForMac/NSDictionary+URLArguments (2.1.4)":
    - GoogleToolboxForMac/DebugUtils (= 2.1.4)
    - GoogleToolboxForMac/Defines (= 2.1.4)
    - "GoogleToolboxForMac/NSString+URLArguments (= 2.1.4)"
  - "GoogleToolboxForMac/NSString+URLArguments (2.1.4)"
  - GTMSessionFetcher/Core (1.2.0)
  - leveldb-library (1.20)
  - nanopb (0.3.8):
    - nanopb/decode (= 0.3.8)
    - nanopb/encode (= 0.3.8)
  - nanopb/decode (0.3.8)
  - nanopb/encode (0.3.8)
  - Protobuf (3.6.1)

DEPENDENCIES:
  - Firebase/AdMob (~> 4.8.1)
  - Firebase/Analytics (~> 4.8.1)
  - Firebase/Auth (~> 4.8.1)
  - Firebase/Core (~> 4.8.1)
  - Firebase/Crash (~> 4.8.1)
  - Firebase/Database (~> 4.8.1)
  - Firebase/DynamicLinks (~> 4.8.1)
  - Firebase/Messaging (~> 4.8.1)
  - Firebase/RemoteConfig (~> 4.8.1)
  - Firebase/Storage (~> 4.8.1)

SPEC REPOS:
  https://github.com/cocoapods/specs.git:
    - Firebase
    - FirebaseABTesting
    - FirebaseAnalytics
    - FirebaseAuth
    - FirebaseCore
    - FirebaseCrash
    - FirebaseDatabase
    - FirebaseDynamicLinks
    - FirebaseInstanceID
    - FirebaseMessaging
    - FirebaseRemoteConfig
    - FirebaseStorage
    - Google-Mobile-Ads-SDK
    - GoogleToolboxForMac
    - GTMSessionFetcher
    - leveldb-library
    - nanopb
    - Protobuf

SPEC CHECKSUMS:
  Firebase: 7d3b8cd837ad9fcd391657734c0d56dab8e9a5a3
  FirebaseABTesting: d07d0ee833b842d5153549e4c7e2e2cb1c23a3f9
  FirebaseAnalytics: 388b630c15713f5dbf364071f5f3d6077fb52f4e
  FirebaseAuth: bd2738c5c1e92b108ba5f7f7335908097a4e50bb
  FirebaseCore: 2e0b98fb2d64ca8140136beff15772bdd14d2dd7
  FirebaseCrash: a7d980468dc8aa2db9792493c3e02722d601f6ab
  FirebaseDatabase: de4446507ccd3257fca37d16f40e1540324571fd
  FirebaseDynamicLinks: 38b68641d24e78d0277a9205d988ce22875d5a25
  FirebaseInstanceID: 8d20d890d65c917f9f7d9950b6e10a760ad34321
  FirebaseMessaging: dfdcd307c2382290a1e297a81d0f18370f5b1bcd
  FirebaseRemoteConfig: 3310f264fff78b6c2e78b24dcfc4c1b3d6766209
  FirebaseStorage: 181bb543d39ee3c53e0558de7ba86b1286a0427f
  Google-Mobile-Ads-SDK: 83f7f890e638ce8f1debd440ea363338c9f6be3b
  GoogleToolboxForMac: 91c824d21e85b31c2aae9bb011c5027c9b4e738f
  GTMSessionFetcher: 0c4baf0a73acd0041bf9f71ea018deedab5ea84e
  leveldb-library: 08cba283675b7ed2d99629a4bc5fd052cd2bb6a5
  nanopb: 5601e6bca2dbf1ed831b519092ec110f66982ca3
  Protobuf: 1eb9700044745f00181c136ef21b8ff3ad5a0fd5

PODFILE CHECKSUM: 2687497a7e17f179228e4f6f96381b5e007b6586

COCOAPODS: 1.6.1
